# THIS IS AN AUTOGENERATED FILE. DO NOT EDIT THIS FILE DIRECTLY.
# yarn lockfile v1


accept@1.x.x:
  version "1.1.0"
  resolved "https://registry.yarnpkg.com/accept/-/accept-1.1.0.tgz#c7b5567c99ade4ac7c937f2a9bc1c566160a30b5"
  dependencies:
    boom "2.x.x"
    hoek "2.x.x"

ammo@1.x.x:
  version "1.0.1"
  resolved "https://registry.yarnpkg.com/ammo/-/ammo-1.0.1.tgz#8f8add14cd49bdede3bab3a3e0ebcaf21d03de8b"
  dependencies:
    boom "2.x.x"
    hoek "2.x.x"

argparse@^1.0.2:
  version "1.0.9"
  resolved "https://registry.yarnpkg.com/argparse/-/argparse-1.0.9.tgz#73d83bc263f86e97f8cc4f6bae1b0e90a7d22c86"
  dependencies:
    sprintf-js "~1.0.2"

b64@2.x.x:
  version "2.0.1"
  resolved "https://registry.yarnpkg.com/b64/-/b64-2.0.1.tgz#d08c10719719ff1fe1b532ae49269409ce149ce9"
  dependencies:
    hoek "2.x.x"

balanced-match@^1.0.0:
  version "1.0.0"
  resolved "https://registry.yarnpkg.com/balanced-match/-/balanced-match-1.0.0.tgz#89b4d199ab2bee49de164ea02b89ce462d71b767"

boom@2.x.x, boom@^2.5.x:
  version "2.10.1"
  resolved "https://registry.yarnpkg.com/boom/-/boom-2.10.1.tgz#39c8918ceff5799f83f9492a848f625add0c766f"
  dependencies:
    hoek "2.x.x"

brace-expansion@^1.1.7:
  version "1.1.8"
  resolved "https://registry.yarnpkg.com/brace-expansion/-/brace-expansion-1.1.8.tgz#c07b211c7c952ec1f8efd51a77ef0d1d3990a292"
  dependencies:
    balanced-match "^1.0.0"
    concat-map "0.0.1"

browser-stdout@1.3.0:
  version "1.3.0"
  resolved "https://registry.yarnpkg.com/browser-stdout/-/browser-stdout-1.3.0.tgz#f351d32969d32fa5d7a5567154263d928ae3bd1f"

call@2.x.x:
  version "2.0.2"
  resolved "https://registry.yarnpkg.com/call/-/call-2.0.2.tgz#9c9831abd0769486fdee83a41149b829b32d06c0"
  dependencies:
    boom "2.x.x"
    hoek "2.x.x"

catbox-memory@1.x.x:
  version "1.1.2"
  resolved "https://registry.yarnpkg.com/catbox-memory/-/catbox-memory-1.1.2.tgz#33c9183a32b31945ee8a484d0e3c3cbb82eaec1a"
  dependencies:
    hoek "2.x.x"

catbox@^4.2.x:
  version "4.3.0"
  resolved "https://registry.yarnpkg.com/catbox/-/catbox-4.3.0.tgz#222377bd67f1291ac0e25d00002d065a9df7f39a"
  dependencies:
    boom "2.x.x"
    hoek "2.x.x"
    joi "6.x.x"

commander@2.9.0:
  version "2.9.0"
  resolved "https://registry.yarnpkg.com/commander/-/commander-2.9.0.tgz#9c99094176e12240cb22d6c5146098400fe0f7d4"
  dependencies:
    graceful-readlink ">= 1.0.0"

concat-map@0.0.1:
  version "0.0.1"
  resolved "https://registry.yarnpkg.com/concat-map/-/concat-map-0.0.1.tgz#d8a96bd77fd68df7793a73036a3ba0d5405d477b"

content@1.x.x:
  version "1.0.2"
  resolved "https://registry.yarnpkg.com/content/-/content-1.0.2.tgz#cb7edf32afef17c48acfdbd21ff98c23315ae824"
  dependencies:
    boom "2.x.x"
    hoek "2.x.x"

cryptiles@2.x.x:
  version "2.0.5"
  resolved "https://registry.yarnpkg.com/cryptiles/-/cryptiles-2.0.5.tgz#3bdfecdc608147c1c67202fa291e7dca59eaa3b8"
  dependencies:
    boom "2.x.x"

debug@2.2.0, debug@~2.2.0:
  version "2.2.0"
  resolved "https://registry.yarnpkg.com/debug/-/debug-2.2.0.tgz#f87057e995b1a1f6ae6a4960664137bc56f039da"
  dependencies:
    ms "0.7.1"

debug@2.6.8:
  version "2.6.8"
  resolved "https://registry.yarnpkg.com/debug/-/debug-2.6.8.tgz#e731531ca2ede27d188222427da17821d68ff4fc"
  dependencies:
    ms "2.0.0"

diff@3.2.0:
  version "3.2.0"
  resolved "https://registry.yarnpkg.com/diff/-/diff-3.2.0.tgz#c9ce393a4b7cbd0b058a725c93df299027868ff9"

escape-string-regexp@1.0.5:
  version "1.0.5"
  resolved "https://registry.yarnpkg.com/escape-string-regexp/-/escape-string-regexp-1.0.5.tgz#1b61c0562190a8dff6ae3bb2cf0200ca130b86d4"

esprima@^2.6.0:
  version "2.7.3"
  resolved "https://registry.yarnpkg.com/esprima/-/esprima-2.7.3.tgz#96e3b70d5779f6ad49cd032673d1c312767ba581"

fs.realpath@^1.0.0:
  version "1.0.0"
  resolved "https://registry.yarnpkg.com/fs.realpath/-/fs.realpath-1.0.0.tgz#1504ad2523158caa40db4a2787cb01411994ea4f"

glob@7.1.1:
  version "7.1.1"
  resolved "https://registry.yarnpkg.com/glob/-/glob-7.1.1.tgz#805211df04faaf1c63a3600306cdf5ade50b2ec8"
  dependencies:
    fs.realpath "^1.0.0"
    inflight "^1.0.4"
    inherits "2"
    minimatch "^3.0.2"
    once "^1.3.0"
    path-is-absolute "^1.0.0"

"graceful-readlink@>= 1.0.0":
  version "1.0.1"
  resolved "https://registry.yarnpkg.com/graceful-readlink/-/graceful-readlink-1.0.1.tgz#4cafad76bc62f02fa039b2f94e9a3dd3a391a725"

growl@1.9.2:
  version "1.9.2"
  resolved "https://registry.yarnpkg.com/growl/-/growl-1.9.2.tgz#0ea7743715db8d8de2c5ede1775e1b45ac85c02f"

h2o2@4.x.x:
  version "4.0.2"
  resolved "https://registry.yarnpkg.com/h2o2/-/h2o2-4.0.2.tgz#87cb960dc0f5b495964fa928253e6cf13ba22486"
  dependencies:
    boom "2.x.x"
    hoek "2.x.x"
    joi "6.x.x"
    wreck "6.x.x"

hapi@8.8.1:
  version "8.8.1"
  resolved "https://registry.yarnpkg.com/hapi/-/hapi-8.8.1.tgz#c7066fe9322e41b9e0e08315fd79f2d9985fa2ea"
  dependencies:
    accept "1.x.x"
    ammo "1.x.x"
    boom "^2.5.x"
    call "2.x.x"
    catbox "^4.2.x"
    catbox-memory "1.x.x"
    cryptiles "2.x.x"
    h2o2 "4.x.x"
    heavy "3.x.x"
    hoek "^2.14.x"
    inert "2.x.x"
    iron "2.x.x"
    items "1.x.x"
    joi "6.x.x"
    kilt "^1.1.x"
    mimos "2.x.x"
    peekaboo "1.x.x"
    qs "4.x.x"
    shot "1.x.x"
    statehood "2.x.x"
    subtext "1.x.x"
    topo "1.x.x"
    vision "2.x.x"

has-flag@^1.0.0:
  version "1.0.0"
  resolved "https://registry.yarnpkg.com/has-flag/-/has-flag-1.0.0.tgz#9d9e793165ce017a00f00418c43f942a7b1d11fa"

he@1.1.1:
  version "1.1.1"
  resolved "https://registry.yarnpkg.com/he/-/he-1.1.1.tgz#93410fd21b009735151f8868c2f271f3427e23fd"

heavy@3.x.x:
  version "3.0.1"
  resolved "https://registry.yarnpkg.com/heavy/-/heavy-3.0.1.tgz#f2867e6e3515bf83ab1a8bb1e73e5d28e85ab3cd"
  dependencies:
    boom "2.x.x"
    hoek "2.x.x"
    joi "6.x.x"

hoek@2.x.x, hoek@^2.14.x, hoek@^2.9.x:
  version "2.16.3"
  resolved "https://registry.yarnpkg.com/hoek/-/hoek-2.16.3.tgz#20bb7403d3cea398e91dc4710a8ff1b8274a25ed"

inert@2.x.x:
  version "2.1.6"
  resolved "https://registry.yarnpkg.com/inert/-/inert-2.1.6.tgz#8f1d74bfeca59a098bd3ee0dc17b648b7ef1e3da"
  dependencies:
    ammo "1.x.x"
    boom "2.x.x"
    hoek "2.x.x"
    items "1.x.x"
    joi "6.x.x"
    lru-cache "2.6.x"

inflight@^1.0.4:
  version "1.0.6"
  resolved "https://registry.yarnpkg.com/inflight/-/inflight-1.0.6.tgz#49bd6331d7d02d0c09bc910a1075ba8165b56df9"
  dependencies:
    once "^1.3.0"
    wrappy "1"

inherits@2:
  version "2.0.3"
  resolved "https://registry.yarnpkg.com/inherits/-/inherits-2.0.3.tgz#633c2c83e3da42a502f52466022480f4208261de"

interpolate@^0.1.0:
  version "0.1.0"
  resolved "https://registry.yarnpkg.com/interpolate/-/interpolate-0.1.0.tgz#b60177a4ba941fb3724c821905d99aade13d1df9"

iron@2.x.x:
  version "2.1.3"
  resolved "https://registry.yarnpkg.com/iron/-/iron-2.1.3.tgz#71b8f357d806aae03a90a745b9aaaffec7e2dde4"
  dependencies:
    boom "2.x.x"
    cryptiles "2.x.x"
    hoek "2.x.x"

isemail@1.x.x:
  version "1.2.0"
  resolved "https://registry.yarnpkg.com/isemail/-/isemail-1.2.0.tgz#be03df8cc3e29de4d2c5df6501263f1fa4595e9a"

items@1.x.x, items@^1.1.x:
  version "1.1.1"
  resolved "https://registry.yarnpkg.com/items/-/items-1.1.1.tgz#435b5dd21bca28b3cfd25bb5c6b278b715010fd9"

joi@6.x.x:
  version "6.10.1"
  resolved "https://registry.yarnpkg.com/joi/-/joi-6.10.1.tgz#4d50c318079122000fe5f16af1ff8e1917b77e06"
  dependencies:
    hoek "2.x.x"
    isemail "1.x.x"
    moment "2.x.x"
    topo "1.x.x"

js-yaml@3.4.5:
  version "3.4.5"
  resolved "https://registry.yarnpkg.com/js-yaml/-/js-yaml-3.4.5.tgz#c3403797df12b91866574f2de23646fe8cafb44d"
  dependencies:
    argparse "^1.0.2"
    esprima "^2.6.0"

json3@3.3.2:
  version "3.3.2"
  resolved "https://registry.yarnpkg.com/json3/-/json3-3.3.2.tgz#3c0434743df93e2f5c42aee7b19bcb483575f4e1"

kilt@^1.1.x:
  version "1.1.1"
  resolved "https://registry.yarnpkg.com/kilt/-/kilt-1.1.1.tgz#77b4a6163ca7fa5b2137a88c17334216ec23d5db"
  dependencies:
    hoek "2.x.x"

lodash._baseassign@^3.0.0:
  version "3.2.0"
  resolved "https://registry.yarnpkg.com/lodash._baseassign/-/lodash._baseassign-3.2.0.tgz#8c38a099500f215ad09e59f1722fd0c52bfe0a4e"
  dependencies:
    lodash._basecopy "^3.0.0"
    lodash.keys "^3.0.0"

lodash._basecopy@^3.0.0:
  version "3.0.1"
  resolved "https://registry.yarnpkg.com/lodash._basecopy/-/lodash._basecopy-3.0.1.tgz#8da0e6a876cf344c0ad8a54882111dd3c5c7ca36"

lodash._basecreate@^3.0.0:
  version "3.0.3"
  resolved "https://registry.yarnpkg.com/lodash._basecreate/-/lodash._basecreate-3.0.3.tgz#1bc661614daa7fc311b7d03bf16806a0213cf821"

lodash._getnative@^3.0.0:
  version "3.9.1"
  resolved "https://registry.yarnpkg.com/lodash._getnative/-/lodash._getnative-3.9.1.tgz#570bc7dede46d61cdcde687d65d3eecbaa3aaff5"

lodash._isiterateecall@^3.0.0:
  version "3.0.9"
  resolved "https://registry.yarnpkg.com/lodash._isiterateecall/-/lodash._isiterateecall-3.0.9.tgz#5203ad7ba425fae842460e696db9cf3e6aac057c"

lodash.create@3.1.1:
  version "3.1.1"
  resolved "https://registry.yarnpkg.com/lodash.create/-/lodash.create-3.1.1.tgz#d7f2849f0dbda7e04682bb8cd72ab022461debe7"
  dependencies:
    lodash._baseassign "^3.0.0"
    lodash._basecreate "^3.0.0"
    lodash._isiterateecall "^3.0.0"

lodash.isarguments@^3.0.0:
  version "3.1.0"
  resolved "https://registry.yarnpkg.com/lodash.isarguments/-/lodash.isarguments-3.1.0.tgz#2f573d85c6a24289ff00663b491c1d338ff3458a"

lodash.isarray@^3.0.0:
  version "3.0.4"
  resolved "https://registry.yarnpkg.com/lodash.isarray/-/lodash.isarray-3.0.4.tgz#79e4eb88c36a8122af86f844aa9bcd851b5fbb55"

lodash.keys@^3.0.0:
  version "3.1.2"
  resolved "https://registry.yarnpkg.com/lodash.keys/-/lodash.keys-3.1.2.tgz#4dbc0472b156be50a0b286855d1bd0b0c656098a"
  dependencies:
    lodash._getnative "^3.0.0"
    lodash.isarguments "^3.0.0"
    lodash.isarray "^3.0.0"

lodash@4.13.1, lodash@^4.0.0:
  version "4.13.1"
  resolved "https://registry.yarnpkg.com/lodash/-/lodash-4.13.1.tgz#83e4b10913f48496d4d16fec4a560af2ee744b68"

lru-cache@2.6.x:
  version "2.6.5"
  resolved "https://registry.yarnpkg.com/lru-cache/-/lru-cache-2.6.5.tgz#e56d6354148ede8d7707b58d143220fd08df0fd5"

mime-db@1.x.x:
  version "1.30.0"
  resolved "https://registry.yarnpkg.com/mime-db/-/mime-db-1.30.0.tgz#74c643da2dd9d6a45399963465b26d5ca7d71f01"

mimos@2.x.x:
  version "2.0.2"
  resolved "https://registry.yarnpkg.com/mimos/-/mimos-2.0.2.tgz#c3241717e75b95992be787ac7dd6db1a9b539b1e"
  dependencies:
    hoek "2.x.x"
    mime-db "1.x.x"

minimatch@^3.0.2:
  version "3.0.4"
  resolved "https://registry.yarnpkg.com/minimatch/-/minimatch-3.0.4.tgz#5166e286457f03306064be5497e8dbb0c3d32083"
  dependencies:
    brace-expansion "^1.1.7"

minimist@0.0.8:
  version "0.0.8"
  resolved "https://registry.yarnpkg.com/minimist/-/minimist-0.0.8.tgz#857fcabfc3397d2625b8228262e86aa7a011b05d"

mkdirp@0.5.1:
  version "0.5.1"
  resolved "https://registry.yarnpkg.com/mkdirp/-/mkdirp-0.5.1.tgz#30057438eac6cf7f8c4767f38648d6697d75c903"
  dependencies:
    minimist "0.0.8"

mocha@^3.2.0:
  version "3.5.3"
  resolved "https://registry.yarnpkg.com/mocha/-/mocha-3.5.3.tgz#1e0480fe36d2da5858d1eb6acc38418b26eaa20d"
  dependencies:
    browser-stdout "1.3.0"
    commander "2.9.0"
    debug "2.6.8"
    diff "3.2.0"
    escape-string-regexp "1.0.5"
    glob "7.1.1"
    growl "1.9.2"
    he "1.1.1"
    json3 "3.3.2"
    lodash.create "3.1.1"
    mkdirp "0.5.1"
    supports-color "3.1.2"

moment@2.x.x:
  version "2.18.1"
  resolved "https://registry.yarnpkg.com/moment/-/moment-2.18.1.tgz#c36193dd3ce1c2eed2adb7c802dbbc77a81b1c0f"

ms@0.7.1:
  version "0.7.1"
  resolved "https://registry.yarnpkg.com/ms/-/ms-0.7.1.tgz#9cd13c03adbff25b65effde7ce864ee952017098"

ms@2.0.0:
  version "2.0.0"
  resolved "https://registry.yarnpkg.com/ms/-/ms-2.0.0.tgz#5608aeadfc00be6c2901df5f9861788de0d597c8"

nigel@1.x.x:
  version "1.0.1"
  resolved "https://registry.yarnpkg.com/nigel/-/nigel-1.0.1.tgz#463989af881278fbaa1d3cc93823dbd17b4360a1"
  dependencies:
    hoek "2.x.x"
    vise "1.x.x"

node-rest-client@1.8.0:
  version "1.8.0"
  resolved "https://registry.yarnpkg.com/node-rest-client/-/node-rest-client-1.8.0.tgz#8d3c566b817e27394cb7273783a41caefe3e5955"
  dependencies:
    debug "~2.2.0"
    xml2js ">=0.2.4"

once@^1.3.0:
  version "1.4.0"
  resolved "https://registry.yarnpkg.com/once/-/once-1.4.0.tgz#583b1aa775961d4b113ac17d9c50baef9dd76bd1"
  dependencies:
    wrappy "1"

path-is-absolute@^1.0.0:
  version "1.0.1"
  resolved "https://registry.yarnpkg.com/path-is-absolute/-/path-is-absolute-1.0.1.tgz#174b9268735534ffbc7ace6bf53a5a9e1b5c5f5f"

peekaboo@1.x.x:
  version "1.0.0"
  resolved "https://registry.yarnpkg.com/peekaboo/-/peekaboo-1.0.0.tgz#c0db2926ad654d2ca01f7ca650ab4591a764fc42"

pez@1.x.x:
  version "1.0.0"
  resolved "https://registry.yarnpkg.com/pez/-/pez-1.0.0.tgz#844318a5ce7092eeddffa295e18079ac779fa018"
  dependencies:
    b64 "2.x.x"
    boom "2.x.x"
    content "1.x.x"
    hoek "2.x.x"
    nigel "1.x.x"

qs@4.x.x:
  version "4.0.0"
  resolved "https://registry.yarnpkg.com/qs/-/qs-4.0.0.tgz#c31d9b74ec27df75e543a86c78728ed8d4623607"

sax@1.2.1, sax@>=0.6.0:
  version "1.2.1"
  resolved "https://registry.yarnpkg.com/sax/-/sax-1.2.1.tgz#7b8e656190b228e81a66aea748480d828cd2d37a"

shot@1.x.x:
  version "1.7.0"
  resolved "https://registry.yarnpkg.com/shot/-/shot-1.7.0.tgz#f2329d7ef33afcf03d44ce41abae8148ae170532"
  dependencies:
    hoek "2.x.x"

should-equal@^1.0.0:
  version "1.0.1"
  resolved "https://registry.yarnpkg.com/should-equal/-/should-equal-1.0.1.tgz#0b6e9516f2601a9fb0bb2dcc369afa1c7e200af7"
  dependencies:
    should-type "^1.0.0"

should-format@^3.0.2:
  version "3.0.3"
  resolved "https://registry.yarnpkg.com/should-format/-/should-format-3.0.3.tgz#9bfc8f74fa39205c53d38c34d717303e277124f1"
  dependencies:
    should-type "^1.3.0"
    should-type-adaptors "^1.0.1"

should-type-adaptors@^1.0.1:
  version "1.0.1"
  resolved "https://registry.yarnpkg.com/should-type-adaptors/-/should-type-adaptors-1.0.1.tgz#efe5553cdf68cff66e5c5f51b712dc351c77beaa"
  dependencies:
    should-type "^1.3.0"
    should-util "^1.0.0"

should-type@^1.0.0, should-type@^1.3.0, should-type@^1.4.0:
  version "1.4.0"
  resolved "https://registry.yarnpkg.com/should-type/-/should-type-1.4.0.tgz#0756d8ce846dfd09843a6947719dfa0d4cff5cf3"

should-util@^1.0.0:
  version "1.0.0"
  resolved "https://registry.yarnpkg.com/should-util/-/should-util-1.0.0.tgz#c98cda374aa6b190df8ba87c9889c2b4db620063"

should@^11.1.1:
  version "11.2.1"
  resolved "https://registry.yarnpkg.com/should/-/should-11.2.1.tgz#90f55145552d01cfc200666e4e818a1c9670eda2"
  dependencies:
    should-equal "^1.0.0"
    should-format "^3.0.2"
    should-type "^1.4.0"
    should-type-adaptors "^1.0.1"
    should-util "^1.0.0"

sprintf-js@~1.0.2:
  version "1.0.3"
  resolved "https://registry.yarnpkg.com/sprintf-js/-/sprintf-js-1.0.3.tgz#04e6926f662895354f3dd015203633b857297e2c"

statehood@2.x.x:
  version "2.1.1"
  resolved "https://registry.yarnpkg.com/statehood/-/statehood-2.1.1.tgz#01f170b66c5e925aaf679a9d322ba59186fc0009"
  dependencies:
    boom "2.x.x"
    cryptiles "2.x.x"
    hoek "2.x.x"
    iron "2.x.x"
    items "1.x.x"
    joi "6.x.x"

subtext@1.x.x:
  version "1.1.1"
  resolved "https://registry.yarnpkg.com/subtext/-/subtext-1.1.1.tgz#0c91825ae65d517855593d831e33ef75a284156b"
  dependencies:
    boom "2.x.x"
    content "1.x.x"
    hoek "2.x.x"
    pez "1.x.x"
    qs "4.x.x"
    wreck "6.x.x"

supports-color@3.1.2:
  version "3.1.2"
  resolved "https://registry.yarnpkg.com/supports-color/-/supports-color-3.1.2.tgz#72a262894d9d408b956ca05ff37b2ed8a6e2a2d5"
  dependencies:
    has-flag "^1.0.0"

topo@1.x.x:
  version "1.1.0"
  resolved "https://registry.yarnpkg.com/topo/-/topo-1.1.0.tgz#e9d751615d1bb87dc865db182fa1ca0a5ef536d5"
  dependencies:
    hoek "2.x.x"

vise@1.x.x:
  version "1.0.0"
  resolved "https://registry.yarnpkg.com/vise/-/vise-1.0.0.tgz#28345be4de5a341e15fd2816fd9ea3e7303e8df3"
  dependencies:
    hoek "2.x.x"

vision@2.x.x:
  version "2.0.1"
  resolved "https://registry.yarnpkg.com/vision/-/vision-2.0.1.tgz#d012255ba6ee426d0696a34e1df332fec55e673c"
  dependencies:
    boom "2.x.x"
    hoek "^2.9.x"
    items "^1.1.x"
    joi "6.x.x"

wrappy@1:
  version "1.0.2"
  resolved "https://registry.yarnpkg.com/wrappy/-/wrappy-1.0.2.tgz#b5243d8f3ec1aa35f1364605bc0d1036e30ab69f"

wreck@6.x.x:
  version "6.3.0"
  resolved "https://registry.yarnpkg.com/wreck/-/wreck-6.3.0.tgz#a1369769f07bbb62d6a378336a7871fc773c740b"
  dependencies:
    boom "2.x.x"
    hoek "2.x.x"

xml2js@0.4.16, xml2js@>=0.2.4:
  version "0.4.16"
  resolved "https://registry.yarnpkg.com/xml2js/-/xml2js-0.4.16.tgz#f82fccd2f9540d7e0a9b5dac163e7471195c9db3"
  dependencies:
    sax ">=0.6.0"
    xmlbuilder "^4.1.0"

xmlbuilder@4.2.1, xmlbuilder@^4.1.0:
  version "4.2.1"
  resolved "https://registry.yarnpkg.com/xmlbuilder/-/xmlbuilder-4.2.1.tgz#aa58a3041a066f90eaa16c2f5389ff19f3f461a5"
  dependencies:
    lodash "^4.0.0"

xmlbuilder@~9.0.1:
  version "9.0.4"
  resolved "https://registry.yarnpkg.com/xmlbuilder/-/xmlbuilder-9.0.4.tgz#519cb4ca686d005a8420d3496f3f0caeecca580f"
